
Microsoft Visual Studio Solution File, Format Version 12.00
# Visual Studio Version 16
VisualStudioVersion = 16.0.31702.278
MinimumVisualStudioVersion = 10.0.40219.1
Project("{9A19103F-16F7-4668-BE54-9A1E7A4F7556}") = "Unit_Test.Applications", "Calculations\Unit_Test.Applications.csproj", "{B8C41016-5FE0-49AE-9DB0-CF7151BCE566}"
EndProject
Project("{9A19103F-16F7-4668-BE54-9A1E7A4F7556}") = "Unit_Test.Tests", "Calculations.Test\Unit_Test.Tests.csproj", "{D1A47857-EC68-4762-9807-810BAEC0C9C1}"
EndProject
Global
	GlobalSection(SolutionConfigurationPlatforms) = preSolution
		Debug|Any CPU = Debug|Any CPU
		Release|Any CPU = Release|Any CPU
	EndGlobalSection
	GlobalSection(ProjectConfigurationPlatforms) = postSolution
		{B8C41016-5FE0-49AE-9DB0-CF7151BCE566}.Debug|Any CPU.ActiveCfg = Debug|Any CPU
		{B8C41016-5FE0-49AE-9DB0-CF7151BCE566}.Debug|Any CPU.Build.0 = Debug|Any CPU
		{B8C41016-5FE0-49AE-9DB0-CF7151BCE566}.Release|Any CPU.ActiveCfg = Release|Any CPU
		{B8C41016-5FE0-49AE-9DB0-CF7151BCE566}.Release|Any CPU.Build.0 = Release|Any CPU
		{D1A47857-EC68-4762-9807-810BAEC0C9C1}.Debug|Any CPU.ActiveCfg = Debug|Any CPU
		{D1A47857-EC68-4762-9807-810BAEC0C9C1}.Debug|Any CPU.Build.0 = Debug|Any CPU
		{D1A47857-EC68-4762-9807-810BAEC0C9C1}.Release|Any CPU.ActiveCfg = Release|Any CPU
		{D1A47857-EC68-4762-9807-810BAEC0C9C1}.Release|Any CPU.Build.0 = Release|Any CPU
	EndGlobalSection
	GlobalSection(SolutionProperties) = preSolution
		HideSolutionNode = FALSE
	EndGlobalSection
	GlobalSection(ExtensibilityGlobals) = postSolution
		SolutionGuid = {CA833832-02AA-438D-A7E8-CA98319CE677}
	EndGlobalSection
EndGlobal
